Microsoft Visual Studio Solution File, Format Version 12.00
# Visual Studio Version 17
VisualStudioVersion = 17.5.2.0
MinimumVisualStudioVersion = 10.0.40219.1
Project("{FAE04EC0-301F-11D3-BF4B-00C04F79EFBC}") = "console-field-keyword", "console-field-keyword.csproj", "{42167684-F8A8-7664-58AB-195D8416981C}"
EndProject
Global
	GlobalSection(SolutionConfigurationPlatforms) = preSolution
		Debug|Any CPU = Debug|Any CPU
		Release|Any CPU = Release|Any CPU
	EndGlobalSection
	GlobalSection(ProjectConfigurationPlatforms) = postSolution
		{42167684-F8A8-7664-58AB-195D8416981C}.Debug|Any CPU.ActiveCfg = Debug|Any CPU
		{42167684-F8A8-7664-58AB-195D8416981C}.Debug|Any CPU.Build.0 = Debug|Any CPU
		{42167684-F8A8-7664-58AB-195D8416981C}.Release|Any CPU.ActiveCfg = Release|Any CPU
		{42167684-F8A8-7664-58AB-195D8416981C}.Release|Any CPU.Build.0 = Release|Any CPU
	EndGlobalSection
	GlobalSection(SolutionProperties) = preSolution
		HideSolutionNode = FALSE
	EndGlobalSection
	GlobalSection(ExtensibilityGlobals) = postSolution
		SolutionGuid = {946D742E-52CF-486D-B9FE-EE55E6733DAC}
	EndGlobalSection
EndGlobal
